<?xml version="1.0" encoding="utf-8"?>
<Project ToolsVersion="4.0" xmlns="http://schemas.microsoft.com/developer/msbuild/2003">
  <ItemGroup>
    <ClInclude Include="Overmind.h" />
    <ClInclude Include="BWEM\src\area.h">
      <Filter>BWEM</Filter>
    </ClInclude>
    <ClInclude Include="BWEM\src\base.h">
      <Filter>BWEM</Filter>
    </ClInclude>
    <ClInclude Include="BWEM\src\bwapiExt.h">
      <Filter>BWEM</Filter>
    </ClInclude>
    <ClInclude Include="BWEM\src\bwem.h">
      <Filter>BWEM</Filter>
    </ClInclude>
    <ClInclude Include="BWEM\src\cp.h">
      <Filter>BWEM</Filter>
    </ClInclude>
    <ClInclude Include="BWEM\src\defs.h">
      <Filter>BWEM</Filter>
    </ClInclude>
    <ClInclude Include="BWEM\src\examples.h">
      <Filter>BWEM</Filter>
    </ClInclude>
    <ClInclude Include="BWEM\src\graph.h">
      <Filter>BWEM</Filter>
    </ClInclude>
    <ClInclude Include="BWEM\src\gridMap.h">
      <Filter>BWEM</Filter>
    </ClInclude>
    <ClInclude Include="BWEM\src\map.h">
      <Filter>BWEM</Filter>
    </ClInclude>
    <ClInclude Include="BWEM\src\mapDrawer.h">
      <Filter>BWEM</Filter>
    </ClInclude>
    <ClInclude Include="BWEM\src\mapImpl.h">
      <Filter>BWEM</Filter>
    </ClInclude>
    <ClInclude Include="BWEM\src\mapPrinter.h">
      <Filter>BWEM</Filter>
    </ClInclude>
    <ClInclude Include="BWEM\src\neutral.h">
      <Filter>BWEM</Filter>
    </ClInclude>
    <ClInclude Include="BWEM\src\tiles.h">
      <Filter>BWEM</Filter>
    </ClInclude>
    <ClInclude Include="BWEM\src\utils.h">
      <Filter>BWEM</Filter>
    </ClInclude>
    <ClInclude Include="BWEM\src\winutils.h">
      <Filter>BWEM</Filter>
    </ClInclude>
    <ClInclude Include="BWEM\EasyBMP_1.06\EasyBMP.h">
      <Filter>BWEM</Filter>
    </ClInclude>
  </ItemGroup>
  <ItemGroup>
    <ClCompile Include="Overmind.cpp" />
    <ClCompile Include="Dll.cpp" />
    <ClCompile Include="BWEM\src\area.cpp">
      <Filter>BWEM</Filter>
    </ClCompile>
    <ClCompile Include="BWEM\src\base.cpp">
      <Filter>BWEM</Filter>
    </ClCompile>
    <ClCompile Include="BWEM\src\bwapiExt.cpp">
      <Filter>BWEM</Filter>
    </ClCompile>
    <ClCompile Include="BWEM\src\bwem.cpp">
      <Filter>BWEM</Filter>
    </ClCompile>
    <ClCompile Include="BWEM\src\cp.cpp">
      <Filter>BWEM</Filter>
    </ClCompile>
    <ClCompile Include="BWEM\src\examples.cpp">
      <Filter>BWEM</Filter>
    </ClCompile>
    <ClCompile Include="BWEM\src\graph.cpp">
      <Filter>BWEM</Filter>
    </ClCompile>
    <ClCompile Include="BWEM\src\gridMap.cpp">
      <Filter>BWEM</Filter>
    </ClCompile>
    <ClCompile Include="BWEM\src\map.cpp">
      <Filter>BWEM</Filter>
    </ClCompile>
    <ClCompile Include="BWEM\src\mapDrawer.cpp">
      <Filter>BWEM</Filter>
    </ClCompile>
    <ClCompile Include="BWEM\src\mapImpl.cpp">
      <Filter>BWEM</Filter>
    </ClCompile>
    <ClCompile Include="BWEM\src\mapPrinter.cpp">
      <Filter>BWEM</Filter>
    </ClCompile>
    <ClCompile Include="BWEM\src\neutral.cpp">
      <Filter>BWEM</Filter>
    </ClCompile>
    <ClCompile Include="BWEM\src\tiles.cpp">
      <Filter>BWEM</Filter>
    </ClCompile>
    <ClCompile Include="BWEM\src\utils.cpp">
      <Filter>BWEM</Filter>
    </ClCompile>
    <ClCompile Include="BWEM\src\winutils.cpp">
      <Filter>BWEM</Filter>
    </ClCompile>
    <ClCompile Include="BWEM\EasyBMP_1.06\EasyBMP.cpp">
      <Filter>BWEM</Filter>
    </ClCompile>
  </ItemGroup>
  <ItemGroup>
    <Filter Include="BWEM">
      <UniqueIdentifier>{32ad1a30-cc5c-45f2-bc01-3ad4fd80d8b2}</UniqueIdentifier>
    </Filter>
  </ItemGroup>
  <ItemGroup>
    <None Include="BWEM\src\area.h.bak">
      <Filter>BWEM</Filter>
    </None>
    <None Include="BWEM\src\cp.h.bak">
      <Filter>BWEM</Filter>
    </None>
    <None Include="BWEM\src\tiles.h.bak">
      <Filter>BWEM</Filter>
    </None>
    <None Include="BWEM\src\utils.h.bak">
      <Filter>BWEM</Filter>
    </None>
  </ItemGroup>
</Project>